// !$*UTF8*$!
{
	archiveVersion = 1;
	classes = {
	};
	objectVersion = 46;
	objects = {

/* Begin PBXBuildFile section */
		2E49967195D516F8830001E9 /* Pods_TableViewCellAutoHeight.framework in Frameworks */ = {isa = PBXBuildFile; fileRef = 35C51606822C03A1062D51B9 /* Pods_TableViewCellAutoHeight.framework */; };
		8D42EFCA1EA9E6FC0089B122 /* AppDelegate.swift in Sources */ = {isa = PBXBuildFile; fileRef = 8D42EFC91EA9E6FC0089B122 /* AppDelegate.swift */; };
		8D42EFCC1EA9E6FC0089B122 /* ViewController.swift in Sources */ = {isa = PBXBuildFile; fileRef = 8D42EFCB1EA9E6FC0089B122 /* ViewController.swift */; };
		8D42EFCF1EA9E6FC0089B122 /* Main.storyboard in Resources */ = {isa = PBXBuildFile; fileRef = 8D42EFCD1EA9E6FC0089B122 /* Main.storyboard */; };
		8D42EFD11EA9E6FC0089B122 /* Assets.xcassets in Resources */ = {isa = PBXBuildFile; fileRef = 8D42EFD01EA9E6FC0089B122 /* Assets.xcassets */; };
		8D42EFD41EA9E6FC0089B122 /* LaunchScreen.storyboard in Resources */ = {isa = PBXBuildFile; fileRef = 8D42EFD21EA9E6FC0089B122 /* LaunchScreen.storyboard */; };
		8D42EFDF1EA9E6FC0089B122 /* TableViewCellAutoHeightTests.swift in Sources */ = {isa = PBXBuildFile; fileRef = 8D42EFDE1EA9E6FC0089B122 /* TableViewCellAutoHeightTests.swift */; };
		8D42EFEA1EA9E6FC0089B122 /* TableViewCellAutoHeightUITests.swift in Sources */ = {isa = PBXBuildFile; fileRef = 8D42EFE91EA9E6FC0089B122 /* TableViewCellAutoHeightUITests.swift */; };
		8DA35AC41EA9E9EC008F34DB /* SimpleTextTableViewCell.swift in Sources */ = {isa = PBXBuildFile; fileRef = 8DA35AC21EA9E9EC008F34DB /* SimpleTextTableViewCell.swift */; };
		8DA35AC51EA9E9EC008F34DB /* SimpleTextTableViewCell.xib in Resources */ = {isa = PBXBuildFile; fileRef = 8DA35AC31EA9E9EC008F34DB /* SimpleTextTableViewCell.xib */; };
/* End PBXBuildFile section */

/* Begin PBXContainerItemProxy section */
		8D42EFDB1EA9E6FC0089B122 /* PBXContainerItemProxy */ = {
			isa = PBXContainerItemProxy;
			containerPortal = 8D42EFBE1EA9E6FC0089B122 /* Project object */;
			proxyType = 1;
			remoteGlobalIDString = 8D42EFC51EA9E6FC0089B122;
			remoteInfo = TableViewCellAutoHeight;
		};
		8D42EFE61EA9E6FC0089B122 /* PBXContainerItemProxy */ = {
			isa = PBXContainerItemProxy;
			containerPortal = 8D42EFBE1EA9E6FC0089B122 /* Project object */;
			proxyType = 1;
			remoteGlobalIDString = 8D42EFC51EA9E6FC0089B122;
			remoteInfo = TableViewCellAutoHeight;
		};
/* End PBXContainerItemProxy section */

/* Begin PBXFileReference section */
		2091F17A5E550F970CE31677 /* Pods-TableViewCellAutoHeight.release.xcconfig */ = {isa = PBXFileReference; includeInIndex = 1; lastKnownFileType = text.xcconfig; name = "Pods-TableViewCellAutoHeight.release.xcconfig"; path = "Pods/Target Support Files/Pods-TableViewCellAutoHeight/Pods-TableViewCellAutoHeight.release.xcconfig"; sourceTree = "<group>"; };
		35C51606822C03A1062D51B9 /* Pods_TableViewCellAutoHeight.framework */ = {isa = PBXFileReference; explicitFileType = wrapper.framework; includeInIndex = 0; path = Pods_TableViewCellAutoHeight.framework; sourceTree = BUILT_PRODUCTS_DIR; };
		8D42EFC61EA9E6FC0089B122 /* TableViewCellAutoHeight.app */ = {isa = PBXFileReference; explicitFileType = wrapper.application; includeInIndex = 0; path = TableViewCellAutoHeight.app; sourceTree = BUILT_PRODUCTS_DIR; };
		8D42EFC91EA9E6FC0089B122 /* AppDelegate.swift */ = {isa = PBXFileReference; lastKnownFileType = sourcecode.swift; path = AppDelegate.swift; sourceTree = "<group>"; };
		8D42EFCB1EA9E6FC0089B122 /* ViewController.swift */ = {isa = PBXFileReference; lastKnownFileType = sourcecode.swift; path = ViewController.swift; sourceTree = "<group>"; };
		8D42EFCE1EA9E6FC0089B122 /* Base */ = {isa = PBXFileReference; lastKnownFileType = file.storyboard; name = Base; path = Base.lproj/Main.storyboard; sourceTree = "<group>"; };
		8D42EFD01EA9E6FC0089B122 /* Assets.xcassets */ = {isa = PBXFileReference; lastKnownFileType = folder.assetcatalog; path = Assets.xcassets; sourceTree = "<group>"; };
		8D42EFD31EA9E6FC0089B122 /* Base */ = {isa = PBXFileReference; lastKnownFileType = file.storyboard; name = Base; path = Base.lproj/LaunchScreen.storyboard; sourceTree = "<group>"; };
		8D42EFD51EA9E6FC0089B122 /* Info.plist */ = {isa = PBXFileReference; lastKnownFileType = text.plist.xml; path = Info.plist; sourceTree = "<group>"; };
		8D42EFDA1EA9E6FC0089B122 /* TableViewCellAutoHeightTests.xctest */ = {isa = PBXFileReference; explicitFileType = wrapper.cfbundle; includeInIndex = 0; path = TableViewCellAutoHeightTests.xctest; sourceTree = BUILT_PRODUCTS_DIR; };
		8D42EFDE1EA9E6FC0089B122 /* TableViewCellAutoHeightTests.swift */ = {isa = PBXFileReference; lastKnownFileType = sourcecode.swift; path = TableViewCellAutoHeightTests.swift; sourceTree = "<group>"; };
		8D42EFE01EA9E6FC0089B122 /* Info.plist */ = {isa = PBXFileReference; lastKnownFileType = text.plist.xml; path = Info.plist; sourceTree = "<group>"; };
		8D42EFE51EA9E6FC0089B122 /* TableViewCellAutoHeightUITests.xctest */ = {isa = PBXFileReference; explicitFileType = wrapper.cfbundle; includeInIndex = 0; path = TableViewCellAutoHeightUITests.xctest; sourceTree = BUILT_PRODUCTS_DIR; };
		8D42EFE91EA9E6FC0089B122 /* TableViewCellAutoHeightUITests.swift */ = {isa = PBXFileReference; lastKnownFileType = sourcecode.swift; path = TableViewCellAutoHeightUITests.swift; sourceTree = "<group>"; };
		8D42EFEB1EA9E6FC0089B122 /* Info.plist */ = {isa = PBXFileReference; lastKnownFileType = text.plist.xml; path = Info.plist; sourceTree = "<group>"; };
		8DA35AC21EA9E9EC008F34DB /* SimpleTextTableViewCell.swift */ = {isa = PBXFileReference; fileEncoding = 4; lastKnownFileType = sourcecode.swift; path = SimpleTextTableViewCell.swift; sourceTree = "<group>"; };
		8DA35AC31EA9E9EC008F34DB /* SimpleTextTableViewCell.xib */ = {isa = PBXFileReference; fileEncoding = 4; lastKnownFileType = file.xib; path = SimpleTextTableViewCell.xib; sourceTree = "<group>"; };
		8DA35AC61EA9EA84008F34DB /* TableViewCellAutoHeight-Bridging-Header.h */ = {isa = PBXFileReference; lastKnownFileType = sourcecode.c.h; path = "TableViewCellAutoHeight-Bridging-Header.h"; sourceTree = "<group>"; };
		D110F37F10597CBA8874AB76 /* Pods-TableViewCellAutoHeight.debug.xcconfig */ = {isa = PBXFileReference; includeInIndex = 1; lastKnownFileType = text.xcconfig; name = "Pods-TableViewCellAutoHeight.debug.xcconfig"; path = "Pods/Target Support Files/Pods-TableViewCellAutoHeight/Pods-TableViewCellAutoHeight.debug.xcconfig"; sourceTree = "<group>"; };
/* End PBXFileReference section */

/* Begin PBXFrameworksBuildPhase section */
		8D42EFC31EA9E6FC0089B122 /* Frameworks */ = {
			isa = PBXFrameworksBuildPhase;
			buildActionMask = 2147483647;
			files = (
				2E49967195D516F8830001E9 /* Pods_TableViewCellAutoHeight.framework in Frameworks */,
			);
			runOnlyForDeploymentPostprocessing = 0;
		};
		8D42EFD71EA9E6FC0089B122 /* Frameworks */ = {
			isa = PBXFrameworksBuildPhase;
			buildActionMask = 2147483647;
			files = (
			);
			runOnlyForDeploymentPostprocessing = 0;
		};
		8D42EFE21EA9E6FC0089B122 /* Frameworks */ = {
			isa = PBXFrameworksBuildPhase;
			buildActionMask = 2147483647;
			files = (
			);
			runOnlyForDeploymentPostprocessing = 0;
		};
/* End PBXFrameworksBuildPhase section */

/* Begin PBXGroup section */
		54A5C7D6B89FCB63A1DE8107 /* Pods */ = {
			isa = PBXGroup;
			children = (
				D110F37F10597CBA8874AB76 /* Pods-TableViewCellAutoHeight.debug.xcconfig */,
				2091F17A5E550F970CE31677 /* Pods-TableViewCellAutoHeight.release.xcconfig */,
			);
			name = Pods;
			sourceTree = "<group>";
		};
		8D42EFBD1EA9E6FC0089B122 = {
			isa = PBXGroup;
			children = (
				8D42EFC81EA9E6FC0089B122 /* TableViewCellAutoHeight */,
				8D42EFDD1EA9E6FC0089B122 /* TableViewCellAutoHeightTests */,
				8D42EFE81EA9E6FC0089B122 /* TableViewCellAutoHeightUITests */,
				8D42EFC71EA9E6FC0089B122 /* Products */,
				54A5C7D6B89FCB63A1DE8107 /* Pods */,
				8FE66495A58664EFCE4D2CEE /* Frameworks */,
			);
			sourceTree = "<group>";
		};
		8D42EFC71EA9E6FC0089B122 /* Products */ = {
			isa = PBXGroup;
			children = (
				8D42EFC61EA9E6FC0089B122 /* TableViewCellAutoHeight.app */,
				8D42EFDA1EA9E6FC0089B122 /* TableViewCellAutoHeightTests.xctest */,
				8D42EFE51EA9E6FC0089B122 /* TableViewCellAutoHeightUITests.xctest */,
			);
			name = Products;
			sourceTree = "<group>";
		};
		8D42EFC81EA9E6FC0089B122 /* TableViewCellAutoHeight */ = {
			isa = PBXGroup;
			children = (
				8D42EFC91EA9E6FC0089B122 /* AppDelegate.swift */,
				8D42EFCB1EA9E6FC0089B122 /* ViewController.swift */,
				8DA35AC21EA9E9EC008F34DB /* SimpleTextTableViewCell.swift */,
				8DA35AC31EA9E9EC008F34DB /* SimpleTextTableViewCell.xib */,
				8D42EFCD1EA9E6FC0089B122 /* Main.storyboard */,
				8D42EFD01EA9E6FC0089B122 /* Assets.xcassets */,
				8D42EFD21EA9E6FC0089B122 /* LaunchScreen.storyboard */,
				8D42EFD51EA9E6FC0089B122 /* Info.plist */,
				8DA35AC61EA9EA84008F34DB /* TableViewCellAutoHeight-Bridging-Header.h */,
			);
			path = TableViewCellAutoHeight;
			sourceTree = "<group>";
		};
		8D42EFDD1EA9E6FC0089B122 /* TableViewCellAutoHeightTests */ = {
			isa = PBXGroup;
			children = (
				8D42EFDE1EA9E6FC0089B122 /* TableViewCellAutoHeightTests.swift */,
				8D42EFE01EA9E6FC0089B122 /* Info.plist */,
			);
			path = TableViewCellAutoHeightTests;
			sourceTree = "<group>";
		};
		8D42EFE81EA9E6FC0089B122 /* TableViewCellAutoHeightUITests */ = {
			isa = PBXGroup;
			children = (
				8D42EFE91EA9E6FC0089B122 /* TableViewCellAutoHeightUITests.swift */,
				8D42EFEB1EA9E6FC0089B122 /* Info.plist */,
			);
			path = TableViewCellAutoHeightUITests;
			sourceTree = "<group>";
		};
		8FE66495A58664EFCE4D2CEE /* Frameworks */ = {
			isa = PBXGroup;
			children = (
				35C51606822C03A1062D51B9 /* Pods_TableViewCellAutoHeight.framework */,
			);
			name = Frameworks;
			sourceTree = "<group>";
		};
/* End PBXGroup section */

/* Begin PBXNativeTarget section */
		8D42EFC51EA9E6FC0089B122 /* TableViewCellAutoHeight */ = {
			isa = PBXNativeTarget;
			buildConfigurationList = 8D42EFEE1EA9E6FC0089B122 /* Build configuration list for PBXNativeTarget "TableViewCellAutoHeight" */;
			buildPhases = (
				118A3F2042A932833B1A87DC /* [CP] Check Pods Manifest.lock */,
				8D42EFC21EA9E6FC0089B122 /* Sources */,
				8D42EFC31EA9E6FC0089B122 /* Frameworks */,
				8D42EFC41EA9E6FC0089B122 /* Resources */,
				DC117DE1CD2BDC708A53ED56 /* [CP] Embed Pods Frameworks */,
				269E71A41D6F948B3AF474AF /* [CP] Copy Pods Resources */,
			);
			buildRules = (
			);
			dependencies = (
			);
			name = TableViewCellAutoHeight;
			productName = TableViewCellAutoHeight;
			productReference = 8D42EFC61EA9E6FC0089B122 /* TableViewCellAutoHeight.app */;
			productType = "com.apple.product-type.application";
		};
		8D42EFD91EA9E6FC0089B122 /* TableViewCellAutoHeightTests */ = {
			isa = PBXNativeTarget;
			buildConfigurationList = 8D42EFF11EA9E6FC0089B122 /* Build configuration list for PBXNativeTarget "TableViewCellAutoHeightTests" */;
			buildPhases = (
				8D42EFD61EA9E6FC0089B122 /* Sources */,
				8D42EFD71EA9E6FC0089B122 /* Frameworks */,
				8D42EFD81EA9E6FC0089B122 /* Resources */,
			);
			buildRules = (
			);
			dependencies = (
				8D42EFDC1EA9E6FC0089B122 /* PBXTargetDependency */,
			);
			name = TableViewCellAutoHeightTests;
			productName = TableViewCellAutoHeightTests;
			productReference = 8D42EFDA1EA9E6FC0089B122 /* TableViewCellAutoHeightTests.xctest */;
			productType = "com.apple.product-type.bundle.unit-test";
		};
		8D42EFE41EA9E6FC0089B122 /* TableViewCellAutoHeightUITests */ = {
			isa = PBXNativeTarget;
			buildConfigurationList = 8D42EFF41EA9E6FC0089B122 /* Build configuration list for PBXNativeTarget "TableViewCellAutoHeightUITests" */;
			buildPhases = (
				8D42EFE11EA9E6FC0089B122 /* Sources */,
				8D42EFE21EA9E6FC0089B122 /* Frameworks */,
				8D42EFE31EA9E6FC0089B122 /* Resources */,
			);
			buildRules = (
			);
			dependencies = (
				8D42EFE71EA9E6FC0089B122 /* PBXTargetDependency */,
			);
			name = TableViewCellAutoHeightUITests;
			productName = TableViewCellAutoHeightUITests;
			productReference = 8D42EFE51EA9E6FC0089B122 /* TableViewCellAutoHeightUITests.xctest */;
			productType = "com.apple.product-type.bundle.ui-testing";
		};
/* End PBXNativeTarget section */

/* Begin PBXProject section */
		8D42EFBE1EA9E6FC0089B122 /* Project object */ = {
			isa = PBXProject;
			attributes = {
				LastSwiftUpdateCheck = 0820;
				LastUpgradeCheck = 0820;
				ORGANIZATIONNAME = shuo;
				TargetAttributes = {
					8D42EFC51EA9E6FC0089B122 = {
						CreatedOnToolsVersion = 8.2.1;
						LastSwiftMigration = 0830;
						ProvisioningStyle = Automatic;
					};
					8D42EFD91EA9E6FC0089B122 = {
						CreatedOnToolsVersion = 8.2.1;
						ProvisioningStyle = Automatic;
						TestTargetID = 8D42EFC51EA9E6FC0089B122;
					};
					8D42EFE41EA9E6FC0089B122 = {
						CreatedOnToolsVersion = 8.2.1;
						ProvisioningStyle = Automatic;
						TestTargetID = 8D42EFC51EA9E6FC0089B122;
					};
				};
			};
			buildConfigurationList = 8D42EFC11EA9E6FC0089B122 /* Build configuration list for PBXProject "TableViewCellAutoHeight" */;
			compatibilityVersion = "Xcode 3.2";
			developmentRegion = English;
			hasScannedForEncodings = 0;
			knownRegions = (
				en,
				Base,
			);
			mainGroup = 8D42EFBD1EA9E6FC0089B122;
			productRefGroup = 8D42EFC71EA9E6FC0089B122 /* Products */;
			projectDirPath = "";
			projectRoot = "";
			targets = (
				8D42EFC51EA9E6FC0089B122 /* TableViewCellAutoHeight */,
				8D42EFD91EA9E6FC0089B122 /* TableViewCellAutoHeightTests */,
				8D42EFE41EA9E6FC0089B122 /* TableViewCellAutoHeightUITests */,
			);
		};
/* End PBXProject section */

/* Begin PBXResourcesBuildPhase section */
		8D42EFC41EA9E6FC0089B122 /* Resources */ = {
			isa = PBXResourcesBuildPhase;
			buildActionMask = 2147483647;
			files = (
				8D42EFD41EA9E6FC0089B122 /* LaunchScreen.storyboard in Resources */,
				8D42EFD11EA9E6FC0089B122 /* Assets.xcassets in Resources */,
				8DA35AC51EA9E9EC008F34DB /* SimpleTextTableViewCell.xib in Resources */,
				8D42EFCF1EA9E6FC0089B122 /* Main.storyboard in Resources */,
			);
			runOnlyForDeploymentPostprocessing = 0;
		};
		8D42EFD81EA9E6FC0089B122 /* Resources */ = {
			isa = PBXResourcesBuildPhase;
			buildActionMask = 2147483647;
			files = (
			);
			runOnlyForDeploymentPostprocessing = 0;
		};
		8D42EFE31EA9E6FC0089B122 /* Resources */ = {
			isa = PBXResourcesBuildPhase;
			buildActionMask = 2147483647;
			files = (
			);
			runOnlyForDeploymentPostprocessing = 0;
		};
/* End PBXResourcesBuildPhase section */

/* Begin PBXShellScriptBuildPhase section */
		118A3F2042A932833B1A87DC /* [CP] Check Pods Manifest.lock */ = {
			isa = PBXShellScriptBuildPhase;
			buildActionMask = 2147483647;
			files = (
			);
			inputPaths = (
			);
			name = "[CP] Check Pods Manifest.lock";
			outputPaths = (
			);
			runOnlyForDeploymentPostprocessing = 0;
			shellPath = /bin/sh;
			shellScript = "diff \"${PODS_PODFILE_DIR_PATH}/Podfile.lock\" \"${PODS_ROOT}/Manifest.lock\" > /dev/null\nif [ $? != 0 ] ; then\n    # print error to STDERR\n    echo \"error: The sandbox is not in sync with the Podfile.lock. Run 'pod install' or update your CocoaPods installation.\" >&2\n    exit 1\nfi\n";
			showEnvVarsInLog = 0;
		};
		269E71A41D6F948B3AF474AF /* [CP] Copy Pods Resources */ = {
			isa = PBXShellScriptBuildPhase;
			buildActionMask = 2147483647;
			files = (
			);
			inputPaths = (
			);
			name = "[CP] Copy Pods Resources";
			outputPaths = (
			);
			runOnlyForDeploymentPostprocessing = 0;
			shellPath = /bin/sh;
			shellScript = "\"${SRCROOT}/Pods/Target Support Files/Pods-TableViewCellAutoHeight/Pods-TableViewCellAutoHeight-resources.sh\"\n";
			showEnvVarsInLog = 0;
		};
		DC117DE1CD2BDC708A53ED56 /* [CP] Embed Pods Frameworks */ = {
			isa = PBXShellScriptBuildPhase;
			buildActionMask = 2147483647;
			files = (
			);
			inputPaths = (
			);
			name = "[CP] Embed Pods Frameworks";
			outputPaths = (
			);
			runOnlyForDeploymentPostprocessing = 0;
			shellPath = /bin/sh;
			shellScript = "\"${SRCROOT}/Pods/Target Support Files/Pods-TableViewCellAutoHeight/Pods-TableViewCellAutoHeight-frameworks.sh\"\n";
			showEnvVarsInLog = 0;
		};
/* End PBXShellScriptBuildPhase section */

/* Begin PBXSourcesBuildPhase section */
		8D42EFC21EA9E6FC0089B122 /* Sources */ = {
			isa = PBXSourcesBuildPhase;
			buildActionMask = 2147483647;
			files = (
				8D42EFCC1EA9E6FC0089B122 /* ViewController.swift in Sources */,
				8DA35AC41EA9E9EC008F34DB /* SimpleTextTableViewCell.swift in Sources */,
				8D42EFCA1EA9E6FC0089B122 /* AppDelegate.swift in Sources */,
			);
			runOnlyForDeploymentPostprocessing = 0;
		};
		8D42EFD61EA9E6FC0089B122 /* Sources */ = {
			isa = PBXSourcesBuildPhase;
			buildActionMask = 2147483647;
			files = (
				8D42EFDF1EA9E6FC0089B122 /* TableViewCellAutoHeightTests.swift in Sources */,
			);
			runOnlyForDeploymentPostprocessing = 0;
		};
		8D42EFE11EA9E6FC0089B122 /* Sources */ = {
			isa = PBXSourcesBuildPhase;
			buildActionMask = 2147483647;
			files = (
				8D42EFEA1EA9E6FC0089B122 /* TableViewCellAutoHeightUITests.swift in Sources */,
			);
			runOnlyForDeploymentPostprocessing = 0;
		};
/* End PBXSourcesBuildPhase section */

/* Begin PBXTargetDependency section */
		8D42EFDC1EA9E6FC0089B122 /* PBXTargetDependency */ = {
			isa = PBXTargetDependency;
			target = 8D42EFC51EA9E6FC0089B122 /* TableViewCellAutoHeight */;
			targetProxy = 8D42EFDB1EA9E6FC0089B122 /* PBXContainerItemProxy */;
		};
		8D42EFE71EA9E6FC0089B122 /* PBXTargetDependency */ = {
			isa = PBXTargetDependency;
			target = 8D42EFC51EA9E6FC0089B122 /* TableViewCellAutoHeight */;
			targetProxy = 8D42EFE61EA9E6FC0089B122 /* PBXContainerItemProxy */;
		};
/* End PBXTargetDependency section */

/* Begin PBXVariantGroup section */
		8D42EFCD1EA9E6FC0089B122 /* Main.storyboard */ = {
			isa = PBXVariantGroup;
			children = (
				8D42EFCE1EA9E6FC0089B122 /* Base */,
			);
			name = Main.storyboard;
			sourceTree = "<group>";
		};
		8D42EFD21EA9E6FC0089B122 /* LaunchScreen.storyboard */ = {
			isa = PBXVariantGroup;
			children = (
				8D42EFD31EA9E6FC0089B122 /* Base */,
			);
			name = LaunchScreen.storyboard;
			sourceTree = "<group>";
		};
/* End PBXVariantGroup section */

/* Begin XCBuildConfiguration section */
		8D42EFEC1EA9E6FC0089B122 /* Debug */ = {
			isa = XCBuildConfiguration;
			buildSettings = {
				ALWAYS_SEARCH_USER_PATHS = NO;
				CLANG_ANALYZER_NONNULL = YES;
				CLANG_CXX_LANGUAGE_STANDARD = "gnu++0x";
				CLANG_CXX_LIBRARY = "libc++";
				CLANG_ENABLE_MODULES = YES;
				CLANG_ENABLE_OBJC_ARC = YES;
				CLANG_WARN_BOOL_CONVERSION = YES;
				CLANG_WARN_CONSTANT_CONVERSION = YES;
				CLANG_WARN_DIRECT_OBJC_ISA_USAGE = YES_ERROR;
				CLANG_WARN_DOCUMENTATION_COMMENTS = YES;
				CLANG_WARN_EMPTY_BODY = YES;
				CLANG_WARN_ENUM_CONVERSION = YES;
				CLANG_WARN_INFINITE_RECURSION = YES;
				CLANG_WARN_INT_CONVERSION = YES;
				CLANG_WARN_OBJC_ROOT_CLASS = YES_ERROR;
				CLANG_WARN_SUSPICIOUS_MOVE = YES;
				CLANG_WARN_UNREACHABLE_CODE = YES;
				CLANG_WARN__DUPLICATE_METHOD_MATCH = YES;
				"CODE_SIGN_IDENTITY[sdk=iphoneos*]" = "iPhone Developer";
				COPY_PHASE_STRIP = NO;
				DEBUG_INFORMATION_FORMAT = dwarf;
				ENABLE_STRICT_OBJC_MSGSEND = YES;
				ENABLE_TESTABILITY = YES;
				GCC_C_LANGUAGE_STANDARD = gnu99;
				GCC_DYNAMIC_NO_PIC = NO;
				GCC_NO_COMMON_BLOCKS = YES;
				GCC_OPTIMIZATION_LEVEL = 0;
				GCC_PREPROCESSOR_DEFINITIONS = (
					"DEBUG=1",
					"$(inherited)",
				);
				GCC_WARN_64_TO_32_BIT_CONVERSION = YES;
				GCC_WARN_ABOUT_RETURN_TYPE = YES_ERROR;
				GCC_WARN_UNDECLARED_SELECTOR = YES;
				GCC_WARN_UNINITIALIZED_AUTOS = YES_AGGRESSIVE;
				GCC_WARN_UNUSED_FUNCTION = YES;
				GCC_WARN_UNUSED_VARIABLE = YES;
				IPHONEOS_DEPLOYMENT_TARGET = 10.2;
				MTL_ENABLE_DEBUG_INFO = YES;
				ONLY_ACTIVE_ARCH = YES;
				SDKROOT = iphoneos;
				SWIFT_ACTIVE_COMPILATION_CONDITIONS = DEBUG;
				SWIFT_OPTIMIZATION_LEVEL = "-Onone";
				TARGETED_DEVICE_FAMILY = "1,2";
			};
			name = Debug;
		};
		8D42EFED1EA9E6FC0089B122 /* Release */ = {
			isa = XCBuildConfiguration;
			buildSettings = {
				ALWAYS_SEARCH_USER_PATHS = NO;
				CLANG_ANALYZER_NONNULL = YES;
				CLANG_CXX_LANGUAGE_STANDARD = "gnu++0x";
				CLANG_CXX_LIBRARY = "libc++";
				CLANG_ENABLE_MODULES = YES;
				CLANG_ENABLE_OBJC_ARC = YES;
				CLANG_WARN_BOOL_CONVERSION = YES;
				CLANG_WARN_CONSTANT_CONVERSION = YES;
				CLANG_WARN_DIRECT_OBJC_ISA_USAGE = YES_ERROR;
				CLANG_WARN_DOCUMENTATION_COMMENTS = YES;
				CLANG_WARN_EMPTY_BODY = YES;
				CLANG_WARN_ENUM_CONVERSION = YES;
				CLANG_WARN_INFINITE_RECURSION = YES;
				CLANG_WARN_INT_CONVERSION = YES;
				CLANG_WARN_OBJC_ROOT_CLASS = YES_ERROR;
				CLANG_WARN_SUSPICIOUS_MOVE = YES;
				CLANG_WARN_UNREACHABLE_CODE = YES;
				CLANG_WARN__DUPLICATE_METHOD_MATCH = YES;
				"CODE_SIGN_IDENTITY[sdk=iphoneos*]" = "iPhone Developer";
				COPY_PHASE_STRIP = NO;
				DEBUG_INFORMATION_FORMAT = "dwarf-with-dsym";
				ENABLE_NS_ASSERTIONS = NO;
				ENABLE_STRICT_OBJC_MSGSEND = YES;
				GCC_C_LANGUAGE_STANDARD = gnu99;
				GCC_NO_COMMON_BLOCKS = YES;
				GCC_WARN_64_TO_32_BIT_CONVERSION = YES;
				GCC_WARN_ABOUT_RETURN_TYPE = YES_ERROR;
				GCC_WARN_UNDECLARED_SELECTOR = YES;
				GCC_WARN_UNINITIALIZED_AUTOS = YES_AGGRESSIVE;
				GCC_WARN_UNUSED_FUNCTION = YES;
				GCC_WARN_UNUSED_VARIABLE = YES;
				IPHONEOS_DEPLOYMENT_TARGET = 10.2;
				MTL_ENABLE_DEBUG_INFO = NO;
				SDKROOT = iphoneos;
				SWIFT_OPTIMIZATION_LEVEL = "-Owholemodule";
				TARGETED_DEVICE_FAMILY = "1,2";
				VALIDATE_PRODUCT = YES;
			};
			name = Release;
		};
		8D42EFEF1EA9E6FC0089B122 /* Debug */ = {
			isa = XCBuildConfiguration;
			baseConfigurationReference = D110F37F10597CBA8874AB76 /* Pods-TableViewCellAutoHeight.debug.xcconfig */;
			buildSettings = {
				ASSETCATALOG_COMPILER_APPICON_NAME = AppIcon;
				CLANG_ENABLE_MODULES = YES;
				INFOPLIST_FILE = TableViewCellAutoHeight/Info.plist;
				LD_RUNPATH_SEARCH_PATHS = "$(inherited) @executable_path/Frameworks";
				PRODUCT_BUNDLE_IDENTIFIER = pingan.com.TableViewCellAutoHeight;
				PRODUCT_NAME = "$(TARGET_NAME)";
				SWIFT_OBJC_BRIDGING_HEADER = "TableViewCellAutoHeight/TableViewCellAutoHeight-Bridging-Header.h";
				SWIFT_OPTIMIZATION_LEVEL = "-Onone";
				SWIFT_VERSION = 3.0;
			};
			name = Debug;
		};
		8D42EFF01EA9E6FC0089B122 /* Release */ = {
			isa = XCBuildConfiguration;
			baseConfigurationReference = 2091F17A5E550F970CE31677 /* Pods-TableViewCellAutoHeight.release.xcconfig */;
			buildSettings = {
				ASSETCATALOG_COMPILER_APPICON_NAME = AppIcon;
				CLANG_ENABLE_MODULES = YES;
				INFOPLIST_FILE = TableViewCellAutoHeight/Info.plist;
				LD_RUNPATH_SEARCH_PATHS = "$(inherited) @executable_path/Frameworks";
				PRODUCT_BUNDLE_IDENTIFIER = pingan.com.TableViewCellAutoHeight;
				PRODUCT_NAME = "$(TARGET_NAME)";
				SWIFT_OBJC_BRIDGING_HEADER = "TableViewCellAutoHeight/TableViewCellAutoHeight-Bridging-Header.h";
				SWIFT_VERSION = 3.0;
			};
			name = Release;
		};
		8D42EFF21EA9E6FC0089B122 /* Debug */ = {
			isa = XCBuildConfiguration;
			buildSettings = {
				ALWAYS_EMBED_SWIFT_STANDARD_LIBRARIES = YES;
				BUNDLE_LOADER = "$(TEST_HOST)";
				INFOPLIST_FILE = TableViewCellAutoHeightTests/Info.plist;
				LD_RUNPATH_SEARCH_PATHS = "$(inherited) @executable_path/Frameworks @loader_path/Frameworks";
				PRODUCT_BUNDLE_IDENTIFIER = pingan.com.TableViewCellAutoHeightTests;
				PRODUCT_NAME = "$(TARGET_NAME)";
				SWIFT_VERSION = 3.0;
				TEST_HOST = "$(BUILT_PRODUCTS_DIR)/TableViewCellAutoHeight.app/TableViewCellAutoHeight";
			};
			name = Debug;
		};
		8D42EFF31EA9E6FC0089B122 /* Release */ = {
			isa = XCBuildConfiguration;
			buildSettings = {
				ALWAYS_EMBED_SWIFT_STANDARD_LIBRARIES = YES;
				BUNDLE_LOADER = "$(TEST_HOST)";
				INFOPLIST_FILE = TableViewCellAutoHeightTests/Info.plist;
				LD_RUNPATH_SEARCH_PATHS = "$(inherited) @executable_path/Frameworks @loader_path/Frameworks";
				PRODUCT_BUNDLE_IDENTIFIER = pingan.com.TableViewCellAutoHeightTests;
				PRODUCT_NAME = "$(TARGET_NAME)";
				SWIFT_VERSION = 3.0;
				TEST_HOST = "$(BUILT_PRODUCTS_DIR)/TableViewCellAutoHeight.app/TableViewCellAutoHeight";
			};
			name = Release;
		};
		8D42EFF51EA9E6FC0089B122 /* Debug */ = {
			isa = XCBuildConfiguration;
			buildSettings = {
				ALWAYS_EMBED_SWIFT_STANDARD_LIBRARIES = YES;
				INFOPLIST_FILE = TableViewCellAutoHeightUITests/Info.plist;
				LD_RUNPATH_SEARCH_PATHS = "$(inherited) @executable_path/Frameworks @loader_path/Frameworks";
				PRODUCT_BUNDLE_IDENTIFIER = pingan.com.TableViewCellAutoHeightUITests;
				PRODUCT_NAME = "$(TARGET_NAME)";
				SWIFT_VERSION = 3.0;
				TEST_TARGET_NAME = TableViewCellAutoHeight;
			};
			name = Debug;
		};
		8D42EFF61EA9E6FC0089B122 /* Release */ = {
			isa = XCBuildConfiguration;
			buildSettings = {
				ALWAYS_EMBED_SWIFT_STANDARD_LIBRARIES = YES;
				INFOPLIST_FILE = TableViewCellAutoHeightUITests/Info.plist;
				LD_RUNPATH_SEARCH_PATHS = "$(inherited) @executable_path/Frameworks @loader_path/Frameworks";
				PRODUCT_BUNDLE_IDENTIFIER = pingan.com.TableViewCellAutoHeightUITests;
				PRODUCT_NAME = "$(TARGET_NAME)";
				SWIFT_VERSION = 3.0;
				TEST_TARGET_NAME = TableViewCellAutoHeight;
			};
			name = Release;
		};
/* End XCBuildConfiguration section */

/* Begin XCConfigurationList section */
		8D42EFC11EA9E6FC0089B122 /* Build configuration list for PBXProject "TableViewCellAutoHeight" */ = {
			isa = XCConfigurationList;
			buildConfigurations = (
				8D42EFEC1EA9E6FC0089B122 /* Debug */,
				8D42EFED1EA9E6FC0089B122 /* Release */,
			);
			defaultConfigurationIsVisible = 0;
			defaultConfigurationName = Release;
		};
		8D42EFEE1EA9E6FC0089B122 /* Build configuration list for PBXNativeTarget "TableViewCellAutoHeight" */ = {
			isa = XCConfigurationList;
			buildConfigurations = (
				8D42EFEF1EA9E6FC0089B122 /* Debug */,
				8D42EFF01EA9E6FC0089B122 /* Release */,
			);
			defaultConfigurationIsVisible = 0;
			defaultConfigurationName = Release;
		};
		8D42EFF11EA9E6FC0089B122 /* Build configuration list for PBXNativeTarget "TableViewCellAutoHeightTests" */ = {
			isa = XCConfigurationList;
			buildConfigurations = (
				8D42EFF21EA9E6FC0089B122 /* Debug */,
				8D42EFF31EA9E6FC0089B122 /* Release */,
			);
			defaultConfigurationIsVisible = 0;
			defaultConfigurationName = Release;
		};
		8D42EFF41EA9E6FC0089B122 /* Build configuration list for PBXNativeTarget "TableViewCellAutoHeightUITests" */ = {
			isa = XCConfigurationList;
			buildConfigurations = (
				8D42EFF51EA9E6FC0089B122 /* Debug */,
				8D42EFF61EA9E6FC0089B122 /* Release */,
			);
			defaultConfigurationIsVisible = 0;
			defaultConfigurationName = Release;
		};
/* End XCConfigurationList section */
	};
	rootObject = 8D42EFBE1EA9E6FC0089B122 /* Project object */;
}
